Microsoft Visual Studio Solution File, Format Version 12.00
# Visual Studio Version 17
VisualStudioVersion = 17.5.2.0
MinimumVisualStudioVersion = 10.0.40219.1
Project("{FAE04EC0-301F-11D3-BF4B-00C04F79EFBC}") = "Lab08-Kladiev", "Lab08-Kladiev.csproj", "{30A5ADE8-1C48-A84F-C07C-0980EFCCAA96}"
EndProject
Global
	GlobalSection(SolutionConfigurationPlatforms) = preSolution
		Debug|Any CPU = Debug|Any CPU
		Release|Any CPU = Release|Any CPU
	EndGlobalSection
	GlobalSection(ProjectConfigurationPlatforms) = postSolution
		{30A5ADE8-1C48-A84F-C07C-0980EFCCAA96}.Debug|Any CPU.ActiveCfg = Debug|Any CPU
		{30A5ADE8-1C48-A84F-C07C-0980EFCCAA96}.Debug|Any CPU.Build.0 = Debug|Any CPU
		{30A5ADE8-1C48-A84F-C07C-0980EFCCAA96}.Release|Any CPU.ActiveCfg = Release|Any CPU
		{30A5ADE8-1C48-A84F-C07C-0980EFCCAA96}.Release|Any CPU.Build.0 = Release|Any CPU
	EndGlobalSection
	GlobalSection(SolutionProperties) = preSolution
		HideSolutionNode = FALSE
	EndGlobalSection
	GlobalSection(ExtensibilityGlobals) = postSolution
		SolutionGuid = {8F142DE3-6B05-44BF-8DC6-4B1004EB0CFD}
	EndGlobalSection
EndGlobal
